
Microsoft Visual Studio Solution File, Format Version 12.00
# Visual Studio Version 17
VisualStudioVersion = 17.9.34728.123
MinimumVisualStudioVersion = 10.0.40219.1
Project("{FAE04EC0-301F-11D3-BF4B-00C04F79EFBC}") = "Lista 2 - C#", "Lista 2 - C#\Lista 2 - C#.csproj", "{ED9D3E0C-12F0-4EDB-84E8-95AE27148A70}"
EndProject
Global
	GlobalSection(SolutionConfigurationPlatforms) = preSolution
		Debug|Any CPU = Debug|Any CPU
		Release|Any CPU = Release|Any CPU
	EndGlobalSection
	GlobalSection(ProjectConfigurationPlatforms) = postSolution
		{ED9D3E0C-12F0-4EDB-84E8-95AE27148A70}.Debug|Any CPU.ActiveCfg = Debug|Any CPU
		{ED9D3E0C-12F0-4EDB-84E8-95AE27148A70}.Debug|Any CPU.Build.0 = Debug|Any CPU
		{ED9D3E0C-12F0-4EDB-84E8-95AE27148A70}.Release|Any CPU.ActiveCfg = Release|Any CPU
		{ED9D3E0C-12F0-4EDB-84E8-95AE27148A70}.Release|Any CPU.Build.0 = Release|Any CPU
	EndGlobalSection
	GlobalSection(SolutionProperties) = preSolution
		HideSolutionNode = FALSE
	EndGlobalSection
	GlobalSection(ExtensibilityGlobals) = postSolution
		SolutionGuid = {DE4CBA43-21CD-436E-BA32-093CC43F8117}
	EndGlobalSection
EndGlobal
